{
  "name": "@kmamal/gpu",
  "version": "0.0.0",
  "lockfileVersion": 2,
  "requires": true,
  "packages": {
    "": {
      "name": "@kmamal/gpu",
      "version": "0.0.0",
      "license": "MIT",
      "dependencies": {
        "@kmamal/util": "^0.1.6"
      },
      "devDependencies": {
        "@kmamal/testing": "^0.0.20"
      }
    },
    "node_modules/@kmamal/structs": {
      "version": "0.0.1",
      "resolved": "https://registry.npmjs.org/@kmamal/structs/-/structs-0.0.1.tgz",
      "integrity": "sha512-eXKgICw9nWVmalmYPD5l2uc94SGKpmU99dNlSSvODUevZWNX8rDu001eZVjmtAyWpfCQ8Qw7N1dmNX/s01tewQ=="
    },
    "node_modules/@kmamal/testing": {
      "version": "0.0.20",
      "resolved": "https://registry.npmjs.org/@kmamal/testing/-/testing-0.0.20.tgz",
      "integrity": "sha512-YhkupGEtxHhYawKp3ep7kWnk75UiIXgFREzWCSAZqoNGmTosbKX3ktDcyvcMHvWpHEPKsnEfDN1ymGkQTIUCWw==",
      "dev": true,
      "dependencies": {
        "@kmamal/util": "^0.0.43"
      }
    },
    "node_modules/@kmamal/testing/node_modules/@kmamal/util": {
      "version": "0.0.43",
      "resolved": "https://registry.npmjs.org/@kmamal/util/-/util-0.0.43.tgz",
      "integrity": "sha512-3p1B8LyVo7NDZrVQqFdrvuAP/wEm+zc0IdRaV3+otE+ehwqZWXBkQs5QrQxjz5aXZb52gq9PfNCs/7daLU5GLA==",
      "dev": true
    },
    "node_modules/@kmamal/util": {
      "version": "0.1.6",
      "resolved": "https://registry.npmjs.org/@kmamal/util/-/util-0.1.6.tgz",
      "integrity": "sha512-JexgrtXNXbY9Y5xQrMFXhWSy+23H5LhZse+ipo7FYs81PaLu5Da4pMhnAdnFirlHOJaqFgoMAKq0Z9vTZxjucw==",
      "dependencies": {
        "@kmamal/structs": "^0.0.1"
      }
    }
  },
  "dependencies": {
    "@kmamal/structs": {
      "version": "0.0.1",
      "resolved": "https://registry.npmjs.org/@kmamal/structs/-/structs-0.0.1.tgz",
      "integrity": "sha512-eXKgICw9nWVmalmYPD5l2uc94SGKpmU99dNlSSvODUevZWNX8rDu001eZVjmtAyWpfCQ8Qw7N1dmNX/s01tewQ=="
    },
    "@kmamal/testing": {
      "version": "0.0.20",
      "resolved": "https://registry.npmjs.org/@kmamal/testing/-/testing-0.0.20.tgz",
      "integrity": "sha512-YhkupGEtxHhYawKp3ep7kWnk75UiIXgFREzWCSAZqoNGmTosbKX3ktDcyvcMHvWpHEPKsnEfDN1ymGkQTIUCWw==",
      "dev": true,
      "requires": {
        "@kmamal/util": "^0.0.43"
      },
      "dependencies": {
        "@kmamal/util": {
          "version": "0.0.43",
          "resolved": "https://registry.npmjs.org/@kmamal/util/-/util-0.0.43.tgz",
          "integrity": "sha512-3p1B8LyVo7NDZrVQqFdrvuAP/wEm+zc0IdRaV3+otE+ehwqZWXBkQs5QrQxjz5aXZb52gq9PfNCs/7daLU5GLA==",
          "dev": true
        }
      }
    },
    "@kmamal/util": {
      "version": "0.1.6",
      "resolved": "https://registry.npmjs.org/@kmamal/util/-/util-0.1.6.tgz",
      "integrity": "sha512-JexgrtXNXbY9Y5xQrMFXhWSy+23H5LhZse+ipo7FYs81PaLu5Da4pMhnAdnFirlHOJaqFgoMAKq0Z9vTZxjucw==",
      "requires": {
        "@kmamal/structs": "^0.0.1"
      }
    }
  }
}
